// !$*UTF8*$!
{
	archiveVersion = 1;
	classes = {
	};
	objectVersion = 50;
	objects = {

/* Begin PBXBuildFile section */
		A06E8AA324ED05BC000892D7 /* AppDelegate.swift in Sources */ = {isa = PBXBuildFile; fileRef = A06E8AA224ED05BC000892D7 /* AppDelegate.swift */; };
		A06E8AA524ED05BC000892D7 /* SceneDelegate.swift in Sources */ = {isa = PBXBuildFile; fileRef = A06E8AA424ED05BC000892D7 /* SceneDelegate.swift */; };
		A06E8AA724ED05BC000892D7 /* ViewController.swift in Sources */ = {isa = PBXBuildFile; fileRef = A06E8AA624ED05BC000892D7 /* ViewController.swift */; };
		A06E8AAA24ED05BC000892D7 /* Main.storyboard in Resources */ = {isa = PBXBuildFile; fileRef = A06E8AA824ED05BC000892D7 /* Main.storyboard */; };
		A06E8AAC24ED05C0000892D7 /* Assets.xcassets in Resources */ = {isa = PBXBuildFile; fileRef = A06E8AAB24ED05C0000892D7 /* Assets.xcassets */; };
		A06E8AAF24ED05C0000892D7 /* LaunchScreen.storyboard in Resources */ = {isa = PBXBuildFile; fileRef = A06E8AAD24ED05C0000892D7 /* LaunchScreen.storyboard */; };
		A06E8ABA24ED05C0000892D7 /* rxswiftdemoTests.swift in Sources */ = {isa = PBXBuildFile; fileRef = A06E8AB924ED05C0000892D7 /* rxswiftdemoTests.swift */; };
		A06E8AC524ED05C0000892D7 /* rxswiftdemoUITests.swift in Sources */ = {isa = PBXBuildFile; fileRef = A06E8AC424ED05C0000892D7 /* rxswiftdemoUITests.swift */; };
/* End PBXBuildFile section */

/* Begin PBXContainerItemProxy section */
		A06E8AB624ED05C0000892D7 /* PBXContainerItemProxy */ = {
			isa = PBXContainerItemProxy;
			containerPortal = A06E8A9724ED05BC000892D7 /* Project object */;
			proxyType = 1;
			remoteGlobalIDString = A06E8A9E24ED05BC000892D7;
			remoteInfo = rxswiftdemo;
		};
		A06E8AC124ED05C0000892D7 /* PBXContainerItemProxy */ = {
			isa = PBXContainerItemProxy;
			containerPortal = A06E8A9724ED05BC000892D7 /* Project object */;
			proxyType = 1;
			remoteGlobalIDString = A06E8A9E24ED05BC000892D7;
			remoteInfo = rxswiftdemo;
		};
/* End PBXContainerItemProxy section */

/* Begin PBXFileReference section */
		A06E8A9F24ED05BC000892D7 /* rxswiftdemo.app */ = {isa = PBXFileReference; explicitFileType = wrapper.application; includeInIndex = 0; path = rxswiftdemo.app; sourceTree = BUILT_PRODUCTS_DIR; };
		A06E8AA224ED05BC000892D7 /* AppDelegate.swift */ = {isa = PBXFileReference; lastKnownFileType = sourcecode.swift; path = AppDelegate.swift; sourceTree = "<group>"; };
		A06E8AA424ED05BC000892D7 /* SceneDelegate.swift */ = {isa = PBXFileReference; lastKnownFileType = sourcecode.swift; path = SceneDelegate.swift; sourceTree = "<group>"; };
		A06E8AA624ED05BC000892D7 /* ViewController.swift */ = {isa = PBXFileReference; lastKnownFileType = sourcecode.swift; path = ViewController.swift; sourceTree = "<group>"; };
		A06E8AA924ED05BC000892D7 /* Base */ = {isa = PBXFileReference; lastKnownFileType = file.storyboard; name = Base; path = Base.lproj/Main.storyboard; sourceTree = "<group>"; };
		A06E8AAB24ED05C0000892D7 /* Assets.xcassets */ = {isa = PBXFileReference; lastKnownFileType = folder.assetcatalog; path = Assets.xcassets; sourceTree = "<group>"; };
		A06E8AAE24ED05C0000892D7 /* Base */ = {isa = PBXFileReference; lastKnownFileType = file.storyboard; name = Base; path = Base.lproj/LaunchScreen.storyboard; sourceTree = "<group>"; };
		A06E8AB024ED05C0000892D7 /* Info.plist */ = {isa = PBXFileReference; lastKnownFileType = text.plist.xml; path = Info.plist; sourceTree = "<group>"; };
		A06E8AB524ED05C0000892D7 /* rxswiftdemoTests.xctest */ = {isa = PBXFileReference; explicitFileType = wrapper.cfbundle; includeInIndex = 0; path = rxswiftdemoTests.xctest; sourceTree = BUILT_PRODUCTS_DIR; };
		A06E8AB924ED05C0000892D7 /* rxswiftdemoTests.swift */ = {isa = PBXFileReference; lastKnownFileType = sourcecode.swift; path = rxswiftdemoTests.swift; sourceTree = "<group>"; };
		A06E8ABB24ED05C0000892D7 /* Info.plist */ = {isa = PBXFileReference; lastKnownFileType = text.plist.xml; path = Info.plist; sourceTree = "<group>"; };
		A06E8AC024ED05C0000892D7 /* rxswiftdemoUITests.xctest */ = {isa = PBXFileReference; explicitFileType = wrapper.cfbundle; includeInIndex = 0; path = rxswiftdemoUITests.xctest; sourceTree = BUILT_PRODUCTS_DIR; };
		A06E8AC424ED05C0000892D7 /* rxswiftdemoUITests.swift */ = {isa = PBXFileReference; lastKnownFileType = sourcecode.swift; path = rxswiftdemoUITests.swift; sourceTree = "<group>"; };
		A06E8AC624ED05C0000892D7 /* Info.plist */ = {isa = PBXFileReference; lastKnownFileType = text.plist.xml; path = Info.plist; sourceTree = "<group>"; };
/* End PBXFileReference section */

/* Begin PBXFrameworksBuildPhase section */
		A06E8A9C24ED05BC000892D7 /* Frameworks */ = {
			isa = PBXFrameworksBuildPhase;
			buildActionMask = 2147483647;
			files = (
			);
			runOnlyForDeploymentPostprocessing = 0;
		};
		A06E8AB224ED05C0000892D7 /* Frameworks */ = {
			isa = PBXFrameworksBuildPhase;
			buildActionMask = 2147483647;
			files = (
			);
			runOnlyForDeploymentPostprocessing = 0;
		};
		A06E8ABD24ED05C0000892D7 /* Frameworks */ = {
			isa = PBXFrameworksBuildPhase;
			buildActionMask = 2147483647;
			files = (
			);
			runOnlyForDeploymentPostprocessing = 0;
		};
/* End PBXFrameworksBuildPhase section */

/* Begin PBXGroup section */
		A06E8A9624ED05BC000892D7 = {
			isa = PBXGroup;
			children = (
				A06E8AA124ED05BC000892D7 /* rxswiftdemo */,
				A06E8AB824ED05C0000892D7 /* rxswiftdemoTests */,
				A06E8AC324ED05C0000892D7 /* rxswiftdemoUITests */,
				A06E8AA024ED05BC000892D7 /* Products */,
			);
			sourceTree = "<group>";
		};
		A06E8AA024ED05BC000892D7 /* Products */ = {
			isa = PBXGroup;
			children = (
				A06E8A9F24ED05BC000892D7 /* rxswiftdemo.app */,
				A06E8AB524ED05C0000892D7 /* rxswiftdemoTests.xctest */,
				A06E8AC024ED05C0000892D7 /* rxswiftdemoUITests.xctest */,
			);
			name = Products;
			sourceTree = "<group>";
		};
		A06E8AA124ED05BC000892D7 /* rxswiftdemo */ = {
			isa = PBXGroup;
			children = (
				A06E8AA224ED05BC000892D7 /* AppDelegate.swift */,
				A06E8AA424ED05BC000892D7 /* SceneDelegate.swift */,
				A06E8AA624ED05BC000892D7 /* ViewController.swift */,
				A06E8AA824ED05BC000892D7 /* Main.storyboard */,
				A06E8AAB24ED05C0000892D7 /* Assets.xcassets */,
				A06E8AAD24ED05C0000892D7 /* LaunchScreen.storyboard */,
				A06E8AB024ED05C0000892D7 /* Info.plist */,
			);
			path = rxswiftdemo;
			sourceTree = "<group>";
		};
		A06E8AB824ED05C0000892D7 /* rxswiftdemoTests */ = {
			isa = PBXGroup;
			children = (
				A06E8AB924ED05C0000892D7 /* rxswiftdemoTests.swift */,
				A06E8ABB24ED05C0000892D7 /* Info.plist */,
			);
			path = rxswiftdemoTests;
			sourceTree = "<group>";
		};
		A06E8AC324ED05C0000892D7 /* rxswiftdemoUITests */ = {
			isa = PBXGroup;
			children = (
				A06E8AC424ED05C0000892D7 /* rxswiftdemoUITests.swift */,
				A06E8AC624ED05C0000892D7 /* Info.plist */,
			);
			path = rxswiftdemoUITests;
			sourceTree = "<group>";
		};
/* End PBXGroup section */

/* Begin PBXNativeTarget section */
		A06E8A9E24ED05BC000892D7 /* rxswiftdemo */ = {
			isa = PBXNativeTarget;
			buildConfigurationList = A06E8AC924ED05C0000892D7 /* Build configuration list for PBXNativeTarget "rxswiftdemo" */;
			buildPhases = (
				A06E8A9B24ED05BC000892D7 /* Sources */,
				A06E8A9C24ED05BC000892D7 /* Frameworks */,
				A06E8A9D24ED05BC000892D7 /* Resources */,
			);
			buildRules = (
			);
			dependencies = (
			);
			name = rxswiftdemo;
			productName = rxswiftdemo;
			productReference = A06E8A9F24ED05BC000892D7 /* rxswiftdemo.app */;
			productType = "com.apple.product-type.application";
		};
		A06E8AB424ED05C0000892D7 /* rxswiftdemoTests */ = {
			isa = PBXNativeTarget;
			buildConfigurationList = A06E8ACC24ED05C0000892D7 /* Build configuration list for PBXNativeTarget "rxswiftdemoTests" */;
			buildPhases = (
				A06E8AB124ED05C0000892D7 /* Sources */,
				A06E8AB224ED05C0000892D7 /* Frameworks */,
				A06E8AB324ED05C0000892D7 /* Resources */,
			);
			buildRules = (
			);
			dependencies = (
				A06E8AB724ED05C0000892D7 /* PBXTargetDependency */,
			);
			name = rxswiftdemoTests;
			productName = rxswiftdemoTests;
			productReference = A06E8AB524ED05C0000892D7 /* rxswiftdemoTests.xctest */;
			productType = "com.apple.product-type.bundle.unit-test";
		};
		A06E8ABF24ED05C0000892D7 /* rxswiftdemoUITests */ = {
			isa = PBXNativeTarget;
			buildConfigurationList = A06E8ACF24ED05C0000892D7 /* Build configuration list for PBXNativeTarget "rxswiftdemoUITests" */;
			buildPhases = (
				A06E8ABC24ED05C0000892D7 /* Sources */,
				A06E8ABD24ED05C0000892D7 /* Frameworks */,
				A06E8ABE24ED05C0000892D7 /* Resources */,
			);
			buildRules = (
			);
			dependencies = (
				A06E8AC224ED05C0000892D7 /* PBXTargetDependency */,
			);
			name = rxswiftdemoUITests;
			productName = rxswiftdemoUITests;
			productReference = A06E8AC024ED05C0000892D7 /* rxswiftdemoUITests.xctest */;
			productType = "com.apple.product-type.bundle.ui-testing";
		};
/* End PBXNativeTarget section */

/* Begin PBXProject section */
		A06E8A9724ED05BC000892D7 /* Project object */ = {
			isa = PBXProject;
			attributes = {
				LastSwiftUpdateCheck = 1160;
				LastUpgradeCheck = 1160;
				ORGANIZATIONNAME = "Hoang Lu";
				TargetAttributes = {
					A06E8A9E24ED05BC000892D7 = {
						CreatedOnToolsVersion = 11.6;
					};
					A06E8AB424ED05C0000892D7 = {
						CreatedOnToolsVersion = 11.6;
						TestTargetID = A06E8A9E24ED05BC000892D7;
					};
					A06E8ABF24ED05C0000892D7 = {
						CreatedOnToolsVersion = 11.6;
						TestTargetID = A06E8A9E24ED05BC000892D7;
					};
				};
			};
			buildConfigurationList = A06E8A9A24ED05BC000892D7 /* Build configuration list for PBXProject "rxswiftdemo" */;
			compatibilityVersion = "Xcode 9.3";
			developmentRegion = en;
			hasScannedForEncodings = 0;
			knownRegions = (
				en,
				Base,
			);
			mainGroup = A06E8A9624ED05BC000892D7;
			productRefGroup = A06E8AA024ED05BC000892D7 /* Products */;
			projectDirPath = "";
			projectRoot = "";
			targets = (
				A06E8A9E24ED05BC000892D7 /* rxswiftdemo */,
				A06E8AB424ED05C0000892D7 /* rxswiftdemoTests */,
				A06E8ABF24ED05C0000892D7 /* rxswiftdemoUITests */,
			);
		};
/* End PBXProject section */

/* Begin PBXResourcesBuildPhase section */
		A06E8A9D24ED05BC000892D7 /* Resources */ = {
			isa = PBXResourcesBuildPhase;
			buildActionMask = 2147483647;
			files = (
				A06E8AAF24ED05C0000892D7 /* LaunchScreen.storyboard in Resources */,
				A06E8AAC24ED05C0000892D7 /* Assets.xcassets in Resources */,
				A06E8AAA24ED05BC000892D7 /* Main.storyboard in Resources */,
			);
			runOnlyForDeploymentPostprocessing = 0;
		};
		A06E8AB324ED05C0000892D7 /* Resources */ = {
			isa = PBXResourcesBuildPhase;
			buildActionMask = 2147483647;
			files = (
			);
			runOnlyForDeploymentPostprocessing = 0;
		};
		A06E8ABE24ED05C0000892D7 /* Resources */ = {
			isa = PBXResourcesBuildPhase;
			buildActionMask = 2147483647;
			files = (
			);
			runOnlyForDeploymentPostprocessing = 0;
		};
/* End PBXResourcesBuildPhase section */

/* Begin PBXSourcesBuildPhase section */
		A06E8A9B24ED05BC000892D7 /* Sources */ = {
			isa = PBXSourcesBuildPhase;
			buildActionMask = 2147483647;
			files = (
				A06E8AA724ED05BC000892D7 /* ViewController.swift in Sources */,
				A06E8AA324ED05BC000892D7 /* AppDelegate.swift in Sources */,
				A06E8AA524ED05BC000892D7 /* SceneDelegate.swift in Sources */,
			);
			runOnlyForDeploymentPostprocessing = 0;
		};
		A06E8AB124ED05C0000892D7 /* Sources */ = {
			isa = PBXSourcesBuildPhase;
			buildActionMask = 2147483647;
			files = (
				A06E8ABA24ED05C0000892D7 /* rxswiftdemoTests.swift in Sources */,
			);
			runOnlyForDeploymentPostprocessing = 0;
		};
		A06E8ABC24ED05C0000892D7 /* Sources */ = {
			isa = PBXSourcesBuildPhase;
			buildActionMask = 2147483647;
			files = (
				A06E8AC524ED05C0000892D7 /* rxswiftdemoUITests.swift in Sources */,
			);
			runOnlyForDeploymentPostprocessing = 0;
		};
/* End PBXSourcesBuildPhase section */

/* Begin PBXTargetDependency section */
		A06E8AB724ED05C0000892D7 /* PBXTargetDependency */ = {
			isa = PBXTargetDependency;
			target = A06E8A9E24ED05BC000892D7 /* rxswiftdemo */;
			targetProxy = A06E8AB624ED05C0000892D7 /* PBXContainerItemProxy */;
		};
		A06E8AC224ED05C0000892D7 /* PBXTargetDependency */ = {
			isa = PBXTargetDependency;
			target = A06E8A9E24ED05BC000892D7 /* rxswiftdemo */;
			targetProxy = A06E8AC124ED05C0000892D7 /* PBXContainerItemProxy */;
		};
/* End PBXTargetDependency section */

/* Begin PBXVariantGroup section */
		A06E8AA824ED05BC000892D7 /* Main.storyboard */ = {
			isa = PBXVariantGroup;
			children = (
				A06E8AA924ED05BC000892D7 /* Base */,
			);
			name = Main.storyboard;
			sourceTree = "<group>";
		};
		A06E8AAD24ED05C0000892D7 /* LaunchScreen.storyboard */ = {
			isa = PBXVariantGroup;
			children = (
				A06E8AAE24ED05C0000892D7 /* Base */,
			);
			name = LaunchScreen.storyboard;
			sourceTree = "<group>";
		};
/* End PBXVariantGroup section */

/* Begin XCBuildConfiguration section */
		A06E8AC724ED05C0000892D7 /* Debug */ = {
			isa = XCBuildConfiguration;
			buildSettings = {
				ALWAYS_SEARCH_USER_PATHS = NO;
				CLANG_ANALYZER_NONNULL = YES;
				CLANG_ANALYZER_NUMBER_OBJECT_CONVERSION = YES_AGGRESSIVE;
				CLANG_CXX_LANGUAGE_STANDARD = "gnu++14";
				CLANG_CXX_LIBRARY = "libc++";
				CLANG_ENABLE_MODULES = YES;
				CLANG_ENABLE_OBJC_ARC = YES;
				CLANG_ENABLE_OBJC_WEAK = YES;
				CLANG_WARN_BLOCK_CAPTURE_AUTORELEASING = YES;
				CLANG_WARN_BOOL_CONVERSION = YES;
				CLANG_WARN_COMMA = YES;
				CLANG_WARN_CONSTANT_CONVERSION = YES;
				CLANG_WARN_DEPRECATED_OBJC_IMPLEMENTATIONS = YES;
				CLANG_WARN_DIRECT_OBJC_ISA_USAGE = YES_ERROR;
				CLANG_WARN_DOCUMENTATION_COMMENTS = YES;
				CLANG_WARN_EMPTY_BODY = YES;
				CLANG_WARN_ENUM_CONVERSION = YES;
				CLANG_WARN_INFINITE_RECURSION = YES;
				CLANG_WARN_INT_CONVERSION = YES;
				CLANG_WARN_NON_LITERAL_NULL_CONVERSION = YES;
				CLANG_WARN_OBJC_IMPLICIT_RETAIN_SELF = YES;
				CLANG_WARN_OBJC_LITERAL_CONVERSION = YES;
				CLANG_WARN_OBJC_ROOT_CLASS = YES_ERROR;
				CLANG_WARN_RANGE_LOOP_ANALYSIS = YES;
				CLANG_WARN_STRICT_PROTOTYPES = YES;
				CLANG_WARN_SUSPICIOUS_MOVE = YES;
				CLANG_WARN_UNGUARDED_AVAILABILITY = YES_AGGRESSIVE;
				CLANG_WARN_UNREACHABLE_CODE = YES;
				CLANG_WARN__DUPLICATE_METHOD_MATCH = YES;
				COPY_PHASE_STRIP = NO;
				DEBUG_INFORMATION_FORMAT = dwarf;
				ENABLE_STRICT_OBJC_MSGSEND = YES;
				ENABLE_TESTABILITY = YES;
				GCC_C_LANGUAGE_STANDARD = gnu11;
				GCC_DYNAMIC_NO_PIC = NO;
				GCC_NO_COMMON_BLOCKS = YES;
				GCC_OPTIMIZATION_LEVEL = 0;
				GCC_PREPROCESSOR_DEFINITIONS = (
					"DEBUG=1",
					"$(inherited)",
				);
				GCC_WARN_64_TO_32_BIT_CONVERSION = YES;
				GCC_WARN_ABOUT_RETURN_TYPE = YES_ERROR;
				GCC_WARN_UNDECLARED_SELECTOR = YES;
				GCC_WARN_UNINITIALIZED_AUTOS = YES_AGGRESSIVE;
				GCC_WARN_UNUSED_FUNCTION = YES;
				GCC_WARN_UNUSED_VARIABLE = YES;
				IPHONEOS_DEPLOYMENT_TARGET = 13.6;
				MTL_ENABLE_DEBUG_INFO = INCLUDE_SOURCE;
				MTL_FAST_MATH = YES;
				ONLY_ACTIVE_ARCH = YES;
				SDKROOT = iphoneos;
				SWIFT_ACTIVE_COMPILATION_CONDITIONS = DEBUG;
				SWIFT_OPTIMIZATION_LEVEL = "-Onone";
			};
			name = Debug;
		};
		A06E8AC824ED05C0000892D7 /* Release */ = {
			isa = XCBuildConfiguration;
			buildSettings = {
				ALWAYS_SEARCH_USER_PATHS = NO;
				CLANG_ANALYZER_NONNULL = YES;
				CLANG_ANALYZER_NUMBER_OBJECT_CONVERSION = YES_AGGRESSIVE;
				CLANG_CXX_LANGUAGE_STANDARD = "gnu++14";
				CLANG_CXX_LIBRARY = "libc++";
				CLANG_ENABLE_MODULES = YES;
				CLANG_ENABLE_OBJC_ARC = YES;
				CLANG_ENABLE_OBJC_WEAK = YES;
				CLANG_WARN_BLOCK_CAPTURE_AUTORELEASING = YES;
				CLANG_WARN_BOOL_CONVERSION = YES;
				CLANG_WARN_COMMA = YES;
				CLANG_WARN_CONSTANT_CONVERSION = YES;
				CLANG_WARN_DEPRECATED_OBJC_IMPLEMENTATIONS = YES;
				CLANG_WARN_DIRECT_OBJC_ISA_USAGE = YES_ERROR;
				CLANG_WARN_DOCUMENTATION_COMMENTS = YES;
				CLANG_WARN_EMPTY_BODY = YES;
				CLANG_WARN_ENUM_CONVERSION = YES;
				CLANG_WARN_INFINITE_RECURSION = YES;
				CLANG_WARN_INT_CONVERSION = YES;
				CLANG_WARN_NON_LITERAL_NULL_CONVERSION = YES;
				CLANG_WARN_OBJC_IMPLICIT_RETAIN_SELF = YES;
				CLANG_WARN_OBJC_LITERAL_CONVERSION = YES;
				CLANG_WARN_OBJC_ROOT_CLASS = YES_ERROR;
				CLANG_WARN_RANGE_LOOP_ANALYSIS = YES;
				CLANG_WARN_STRICT_PROTOTYPES = YES;
				CLANG_WARN_SUSPICIOUS_MOVE = YES;
				CLANG_WARN_UNGUARDED_AVAILABILITY = YES_AGGRESSIVE;
				CLANG_WARN_UNREACHABLE_CODE = YES;
				CLANG_WARN__DUPLICATE_METHOD_MATCH = YES;
				COPY_PHASE_STRIP = NO;
				DEBUG_INFORMATION_FORMAT = "dwarf-with-dsym";
				ENABLE_NS_ASSERTIONS = NO;
				ENABLE_STRICT_OBJC_MSGSEND = YES;
				GCC_C_LANGUAGE_STANDARD = gnu11;
				GCC_NO_COMMON_BLOCKS = YES;
				GCC_WARN_64_TO_32_BIT_CONVERSION = YES;
				GCC_WARN_ABOUT_RETURN_TYPE = YES_ERROR;
				GCC_WARN_UNDECLARED_SELECTOR = YES;
				GCC_WARN_UNINITIALIZED_AUTOS = YES_AGGRESSIVE;
				GCC_WARN_UNUSED_FUNCTION = YES;
				GCC_WARN_UNUSED_VARIABLE = YES;
				IPHONEOS_DEPLOYMENT_TARGET = 13.6;
				MTL_ENABLE_DEBUG_INFO = NO;
				MTL_FAST_MATH = YES;
				SDKROOT = iphoneos;
				SWIFT_COMPILATION_MODE = wholemodule;
				SWIFT_OPTIMIZATION_LEVEL = "-O";
				VALIDATE_PRODUCT = YES;
			};
			name = Release;
		};
		A06E8ACA24ED05C0000892D7 /* Debug */ = {
			isa = XCBuildConfiguration;
			buildSettings = {
				ASSETCATALOG_COMPILER_APPICON_NAME = AppIcon;
				CODE_SIGN_STYLE = Automatic;
				DEVELOPMENT_TEAM = 6M7866SC6J;
				INFOPLIST_FILE = rxswiftdemo/Info.plist;
				LD_RUNPATH_SEARCH_PATHS = (
					"$(inherited)",
					"@executable_path/Frameworks",
				);
				PRODUCT_BUNDLE_IDENTIFIER = com.vulcanlabs.rxswiftdemo;
				PRODUCT_NAME = "$(TARGET_NAME)";
				SWIFT_VERSION = 5.0;
				TARGETED_DEVICE_FAMILY = "1,2";
			};
			name = Debug;
		};
		A06E8ACB24ED05C0000892D7 /* Release */ = {
			isa = XCBuildConfiguration;
			buildSettings = {
				ASSETCATALOG_COMPILER_APPICON_NAME = AppIcon;
				CODE_SIGN_STYLE = Automatic;
				DEVELOPMENT_TEAM = 6M7866SC6J;
				INFOPLIST_FILE = rxswiftdemo/Info.plist;
				LD_RUNPATH_SEARCH_PATHS = (
					"$(inherited)",
					"@executable_path/Frameworks",
				);
				PRODUCT_BUNDLE_IDENTIFIER = com.vulcanlabs.rxswiftdemo;
				PRODUCT_NAME = "$(TARGET_NAME)";
				SWIFT_VERSION = 5.0;
				TARGETED_DEVICE_FAMILY = "1,2";
			};
			name = Release;
		};
		A06E8ACD24ED05C0000892D7 /* Debug */ = {
			isa = XCBuildConfiguration;
			buildSettings = {
				ALWAYS_EMBED_SWIFT_STANDARD_LIBRARIES = YES;
				BUNDLE_LOADER = "$(TEST_HOST)";
				CODE_SIGN_STYLE = Automatic;
				DEVELOPMENT_TEAM = 6M7866SC6J;
				INFOPLIST_FILE = rxswiftdemoTests/Info.plist;
				IPHONEOS_DEPLOYMENT_TARGET = 13.6;
				LD_RUNPATH_SEARCH_PATHS = (
					"$(inherited)",
					"@executable_path/Frameworks",
					"@loader_path/Frameworks",
				);
				PRODUCT_BUNDLE_IDENTIFIER = com.vulcanlabs.rxswiftdemoTests;
				PRODUCT_NAME = "$(TARGET_NAME)";
				SWIFT_VERSION = 5.0;
				TARGETED_DEVICE_FAMILY = "1,2";
				TEST_HOST = "$(BUILT_PRODUCTS_DIR)/rxswiftdemo.app/rxswiftdemo";
			};
			name = Debug;
		};
		A06E8ACE24ED05C0000892D7 /* Release */ = {
			isa = XCBuildConfiguration;
			buildSettings = {
				ALWAYS_EMBED_SWIFT_STANDARD_LIBRARIES = YES;
				BUNDLE_LOADER = "$(TEST_HOST)";
				CODE_SIGN_STYLE = Automatic;
				DEVELOPMENT_TEAM = 6M7866SC6J;
				INFOPLIST_FILE = rxswiftdemoTests/Info.plist;
				IPHONEOS_DEPLOYMENT_TARGET = 13.6;
				LD_RUNPATH_SEARCH_PATHS = (
					"$(inherited)",
					"@executable_path/Frameworks",
					"@loader_path/Frameworks",
				);
				PRODUCT_BUNDLE_IDENTIFIER = com.vulcanlabs.rxswiftdemoTests;
				PRODUCT_NAME = "$(TARGET_NAME)";
				SWIFT_VERSION = 5.0;
				TARGETED_DEVICE_FAMILY = "1,2";
				TEST_HOST = "$(BUILT_PRODUCTS_DIR)/rxswiftdemo.app/rxswiftdemo";
			};
			name = Release;
		};
		A06E8AD024ED05C0000892D7 /* Debug */ = {
			isa = XCBuildConfiguration;
			buildSettings = {
				ALWAYS_EMBED_SWIFT_STANDARD_LIBRARIES = YES;
				CODE_SIGN_STYLE = Automatic;
				DEVELOPMENT_TEAM = 6M7866SC6J;
				INFOPLIST_FILE = rxswiftdemoUITests/Info.plist;
				LD_RUNPATH_SEARCH_PATHS = (
					"$(inherited)",
					"@executable_path/Frameworks",
					"@loader_path/Frameworks",
				);
				PRODUCT_BUNDLE_IDENTIFIER = com.vulcanlabs.rxswiftdemoUITests;
				PRODUCT_NAME = "$(TARGET_NAME)";
				SWIFT_VERSION = 5.0;
				TARGETED_DEVICE_FAMILY = "1,2";
				TEST_TARGET_NAME = rxswiftdemo;
			};
			name = Debug;
		};
		A06E8AD124ED05C0000892D7 /* Release */ = {
			isa = XCBuildConfiguration;
			buildSettings = {
				ALWAYS_EMBED_SWIFT_STANDARD_LIBRARIES = YES;
				CODE_SIGN_STYLE = Automatic;
				DEVELOPMENT_TEAM = 6M7866SC6J;
				INFOPLIST_FILE = rxswiftdemoUITests/Info.plist;
				LD_RUNPATH_SEARCH_PATHS = (
					"$(inherited)",
					"@executable_path/Frameworks",
					"@loader_path/Frameworks",
				);
				PRODUCT_BUNDLE_IDENTIFIER = com.vulcanlabs.rxswiftdemoUITests;
				PRODUCT_NAME = "$(TARGET_NAME)";
				SWIFT_VERSION = 5.0;
				TARGETED_DEVICE_FAMILY = "1,2";
				TEST_TARGET_NAME = rxswiftdemo;
			};
			name = Release;
		};
/* End XCBuildConfiguration section */

/* Begin XCConfigurationList section */
		A06E8A9A24ED05BC000892D7 /* Build configuration list for PBXProject "rxswiftdemo" */ = {
			isa = XCConfigurationList;
			buildConfigurations = (
				A06E8AC724ED05C0000892D7 /* Debug */,
				A06E8AC824ED05C0000892D7 /* Release */,
			);
			defaultConfigurationIsVisible = 0;
			defaultConfigurationName = Release;
		};
		A06E8AC924ED05C0000892D7 /* Build configuration list for PBXNativeTarget "rxswiftdemo" */ = {
			isa = XCConfigurationList;
			buildConfigurations = (
				A06E8ACA24ED05C0000892D7 /* Debug */,
				A06E8ACB24ED05C0000892D7 /* Release */,
			);
			defaultConfigurationIsVisible = 0;
			defaultConfigurationName = Release;
		};
		A06E8ACC24ED05C0000892D7 /* Build configuration list for PBXNativeTarget "rxswiftdemoTests" */ = {
			isa = XCConfigurationList;
			buildConfigurations = (
				A06E8ACD24ED05C0000892D7 /* Debug */,
				A06E8ACE24ED05C0000892D7 /* Release */,
			);
			defaultConfigurationIsVisible = 0;
			defaultConfigurationName = Release;
		};
		A06E8ACF24ED05C0000892D7 /* Build configuration list for PBXNativeTarget "rxswiftdemoUITests" */ = {
			isa = XCConfigurationList;
			buildConfigurations = (
				A06E8AD024ED05C0000892D7 /* Debug */,
				A06E8AD124ED05C0000892D7 /* Release */,
			);
			defaultConfigurationIsVisible = 0;
			defaultConfigurationName = Release;
		};
/* End XCConfigurationList section */
	};
	rootObject = A06E8A9724ED05BC000892D7 /* Project object */;
}
